{
    "_readme": [
        "This file locks the dependencies of your project to a known state",
        "Read more about it at https://getcomposer.org/doc/01-basic-usage.md#installing-dependencies",
        "This file is @generated automatically"
    ],
    "content-hash": "054c9d7a6c97989546018cb3e72c285c",
    "packages": [
        {
            "name": "symfony/polyfill-php81",
            "version": "v1.28.0",
            "source": {
                "type": "git",
                "url": "https://github.com/symfony/polyfill-php81.git",
                "reference": "7581cd600fa9fd681b797d00b02f068e2f13263b"
            },
            "dist": {
                "type": "zip",
                "url": "https://api.github.com/repos/symfony/polyfill-php81/zipball/7581cd600fa9fd681b797d00b02f068e2f13263b",
                "reference": "7581cd600fa9fd681b797d00b02f068e2f13263b",
                "shasum": ""
            },
            "require": {
                "php": ">=7.1"
            },
            "type": "library",
            "extra": {
                "branch-alias": {
                    "dev-main": "1.28-dev"
                },
                "thanks": {
                    "name": "symfony/polyfill",
                    "url": "https://github.com/symfony/polyfill"
                }
            },
            "autoload": {
                "files": [
                    "bootstrap.php"
                ],
                "psr-4": {
                    "Symfony\\Polyfill\\Php81\\": ""
                },
                "classmap": [
                    "Resources/stubs"
                ]
            },
            "notification-url": "https://packagist.org/downloads/",
            "license": [
                "MIT"
            ],
            "authors": [
                {
                    "name": "Nicolas Grekas",
                    "email": "p@tchwork.com"
                },
                {
                    "name": "Symfony Community",
                    "homepage": "https://symfony.com/contributors"
                }
            ],
            "description": "Symfony polyfill backporting some PHP 8.1+ features to lower PHP versions",
            "homepage": "https://symfony.com",
            "keywords": [
                "compatibility",
                "polyfill",
                "portable",
                "shim"
            ],
            "support": {
                "source": "https://github.com/symfony/polyfill-php81/tree/v1.28.0"
            },
            "funding": [
                {
                    "url": "https://symfony.com/sponsor",
                    "type": "custom"
                },
                {
                    "url": "https://github.com/fabpot",
                    "type": "github"
                },
                {
                    "url": "https://tidelift.com/funding/github/packagist/symfony/symfony",
                    "type": "tidelift"
                }
            ],
            "time": "2023-01-26T09:26:14+00:00"
        }
    ],
    "packages-dev": [
        {
            "name": "nette/tester",
            "version": "v2.5.1",
            "source": {
                "type": "git",
                "url": "https://github.com/nette/tester.git",
                "reference": "92ad30ca60ac1e27f0c7e48b8b4e4ff1395c00c0"
            },
            "dist": {
                "type": "zip",
                "url": "https://api.github.com/repos/nette/tester/zipball/92ad30ca60ac1e27f0c7e48b8b4e4ff1395c00c0",
                "reference": "92ad30ca60ac1e27f0c7e48b8b4e4ff1395c00c0",
                "shasum": ""
            },
            "require": {
                "php": ">=8.0 <8.4"
            },
            "require-dev": {
                "ext-simplexml": "*",
                "phpstan/phpstan": "^1.0"
            },
            "bin": [
                "src/tester"
            ],
            "type": "library",
            "extra": {
                "branch-alias": {
                    "dev-master": "2.5-dev"
                }
            },
            "autoload": {
                "classmap": [
                    "src/"
                ]
            },
            "notification-url": "https://packagist.org/downloads/",
            "license": [
                "BSD-3-Clause",
                "GPL-2.0-only",
                "GPL-3.0-only"
            ],
            "authors": [
                {
                    "name": "David Grudl",
                    "homepage": "https://davidgrudl.com"
                },
                {
                    "name": "Miloslav Hůla",
                    "homepage": "https://github.com/milo"
                },
                {
                    "name": "Nette Community",
                    "homepage": "https://nette.org/contributors"
                }
            ],
            "description": "Nette Tester: enjoyable unit testing in PHP with code coverage reporter. 🍏🍏🍎🍏",
            "homepage": "https://tester.nette.org",
            "keywords": [
                "Xdebug",
                "assertions",
                "clover",
                "code coverage",
                "nette",
                "pcov",
                "phpdbg",
                "phpunit",
                "testing",
                "unit"
            ],
            "support": {
                "issues": "https://github.com/nette/tester/issues",
                "source": "https://github.com/nette/tester/tree/v2.5.1"
            },
            "time": "2023-07-30T10:24:11+00:00"
        },
        {
            "name": "phpstan/phpstan",
            "version": "1.10.32",
            "source": {
                "type": "git",
                "url": "https://github.com/phpstan/phpstan.git",
                "reference": "c47e47d3ab03137c0e121e77c4d2cb58672f6d44"
            },
            "dist": {
                "type": "zip",
                "url": "https://api.github.com/repos/phpstan/phpstan/zipball/c47e47d3ab03137c0e121e77c4d2cb58672f6d44",
                "reference": "c47e47d3ab03137c0e121e77c4d2cb58672f6d44",
                "shasum": ""
            },
            "require": {
                "php": "^7.2|^8.0"
            },
            "conflict": {
                "phpstan/phpstan-shim": "*"
            },
            "bin": [
                "phpstan",
                "phpstan.phar"
            ],
            "type": "library",
            "autoload": {
                "files": [
                    "bootstrap.php"
                ]
            },
            "notification-url": "https://packagist.org/downloads/",
            "license": [
                "MIT"
            ],
            "description": "PHPStan - PHP Static Analysis Tool",
            "keywords": [
                "dev",
                "static analysis"
            ],
            "support": {
                "docs": "https://phpstan.org/user-guide/getting-started",
                "forum": "https://github.com/phpstan/phpstan/discussions",
                "issues": "https://github.com/phpstan/phpstan/issues",
                "security": "https://github.com/phpstan/phpstan/security/policy",
                "source": "https://github.com/phpstan/phpstan-src"
            },
            "funding": [
                {
                    "url": "https://github.com/ondrejmirtes",
                    "type": "github"
                },
                {
                    "url": "https://github.com/phpstan",
                    "type": "github"
                },
                {
                    "url": "https://tidelift.com/funding/github/packagist/phpstan/phpstan",
                    "type": "tidelift"
                }
            ],
            "time": "2023-08-24T21:54:50+00:00"
        },
        {
            "name": "predis/predis",
            "version": "v2.2.1",
            "source": {
                "type": "git",
                "url": "https://github.com/predis/predis.git",
                "reference": "5f2b410a74afaff296a87a494e4c5488cf9fab57"
            },
            "dist": {
                "type": "zip",
                "url": "https://api.github.com/repos/predis/predis/zipball/5f2b410a74afaff296a87a494e4c5488cf9fab57",
                "reference": "5f2b410a74afaff296a87a494e4c5488cf9fab57",
                "shasum": ""
            },
            "require": {
                "php": "^7.2 || ^8.0"
            },
            "require-dev": {
                "friendsofphp/php-cs-fixer": "^3.3",
                "phpstan/phpstan": "^1.9",
                "phpunit/phpunit": "^8.0 || ~9.4.4"
            },
            "suggest": {
                "ext-relay": "Faster connection with in-memory caching (>=0.6.2)"
            },
            "type": "library",
            "autoload": {
                "psr-4": {
                    "Predis\\": "src/"
                }
            },
            "notification-url": "https://packagist.org/downloads/",
            "license": [
                "MIT"
            ],
            "authors": [
                {
                    "name": "Till Krüss",
                    "homepage": "https://till.im",
                    "role": "Maintainer"
                }
            ],
            "description": "A flexible and feature-complete Redis client for PHP.",
            "homepage": "http://github.com/predis/predis",
            "keywords": [
                "nosql",
                "predis",
                "redis"
            ],
            "support": {
                "issues": "https://github.com/predis/predis/issues",
                "source": "https://github.com/predis/predis/tree/v2.2.1"
            },
            "funding": [
                {
                    "url": "https://github.com/sponsors/tillkruss",
                    "type": "github"
                }
            ],
            "time": "2023-08-15T23:01:46+00:00"
        }
    ],
    "aliases": [],
    "minimum-stability": "stable",
    "stability-flags": [],
    "prefer-stable": false,
    "prefer-lowest": false,
    "platform": {
        "php": ">=8.0"
    },
    "platform-dev": [],
    "plugin-api-version": "2.3.0"
}
